
Microsoft Visual Studio Solution File, Format Version 12.00
# Visual Studio Version 16
VisualStudioVersion = 25.0.1705.2
MinimumVisualStudioVersion = 10.0.40219.1
Project("{FAE04EC0-301F-11D3-BF4B-00C04F79EFBC}") = "Mission12_mh828", "Mission12_mh828.csproj", "{06561092-B9C4-403A-85DB-B90BDE5F4A13}"
EndProject
Global
	GlobalSection(SolutionConfigurationPlatforms) = preSolution
		Debug|Any CPU = Debug|Any CPU
		Release|Any CPU = Release|Any CPU
	EndGlobalSection
	GlobalSection(ProjectConfigurationPlatforms) = postSolution
		{06561092-B9C4-403A-85DB-B90BDE5F4A13}.Debug|Any CPU.ActiveCfg = Debug|Any CPU
		{06561092-B9C4-403A-85DB-B90BDE5F4A13}.Debug|Any CPU.Build.0 = Debug|Any CPU
		{06561092-B9C4-403A-85DB-B90BDE5F4A13}.Release|Any CPU.ActiveCfg = Release|Any CPU
		{06561092-B9C4-403A-85DB-B90BDE5F4A13}.Release|Any CPU.Build.0 = Release|Any CPU
	EndGlobalSection
	GlobalSection(SolutionProperties) = preSolution
		HideSolutionNode = FALSE
	EndGlobalSection
	GlobalSection(ExtensibilityGlobals) = postSolution
		SolutionGuid = {1125AAA8-9EBA-4DBB-A461-205A02E7F5B1}
	EndGlobalSection
EndGlobal
